// !$*UTF8*$!
{
	archiveVersion = 1;
	classes = {
	};
	objectVersion = 55;
	objects = {

/* Begin PBXBuildFile section */
		46992F3D29557AD700BA442B /* BearMinimumApp.swift in Sources */ = {isa = PBXBuildFile; fileRef = 46992F3C29557AD700BA442B /* BearMinimumApp.swift */; };
		46992F3F29557AD700BA442B /* ContentView.swift in Sources */ = {isa = PBXBuildFile; fileRef = 46992F3E29557AD700BA442B /* ContentView.swift */; };
		46992F4129557ADA00BA442B /* Assets.xcassets in Resources */ = {isa = PBXBuildFile; fileRef = 46992F4029557ADA00BA442B /* Assets.xcassets */; };
		46992F4429557ADA00BA442B /* Preview Assets.xcassets in Resources */ = {isa = PBXBuildFile; fileRef = 46992F4329557ADA00BA442B /* Preview Assets.xcassets */; };
		46992F672955800A00BA442B /* TaskListView.swift in Sources */ = {isa = PBXBuildFile; fileRef = 46992F662955800A00BA442B /* TaskListView.swift */; };
		46992F692955804A00BA442B /* BearImageCircle.swift in Sources */ = {isa = PBXBuildFile; fileRef = 46992F682955804A00BA442B /* BearImageCircle.swift */; };
		46B405AF29596B230071133D /* Yipee.mp3 in Resources */ = {isa = PBXBuildFile; fileRef = 46B405AD29596B230071133D /* Yipee.mp3 */; };
		46B405B1295ABD550071133D /* Success.mp3 in Resources */ = {isa = PBXBuildFile; fileRef = 46B405B0295ABD550071133D /* Success.mp3 */; };
		46FF13892955AA7E006731FB /* Task.swift in Sources */ = {isa = PBXBuildFile; fileRef = 46FF13882955AA7E006731FB /* Task.swift */; };
		46FF138B2955AAFC006731FB /* TaskManager.swift in Sources */ = {isa = PBXBuildFile; fileRef = 46FF138A2955AAFC006731FB /* TaskManager.swift */; };
/* End PBXBuildFile section */

/* Begin PBXContainerItemProxy section */
		46992F4A29557ADA00BA442B /* PBXContainerItemProxy */ = {
			isa = PBXContainerItemProxy;
			containerPortal = 46992F3129557AD700BA442B /* Project object */;
			proxyType = 1;
			remoteGlobalIDString = 46992F3829557AD700BA442B;
			remoteInfo = BearMinimum;
		};
		46992F5429557ADA00BA442B /* PBXContainerItemProxy */ = {
			isa = PBXContainerItemProxy;
			containerPortal = 46992F3129557AD700BA442B /* Project object */;
			proxyType = 1;
			remoteGlobalIDString = 46992F3829557AD700BA442B;
			remoteInfo = BearMinimum;
		};
/* End PBXContainerItemProxy section */

/* Begin PBXFileReference section */
		46992F3929557AD700BA442B /* BearMinimum.app */ = {isa = PBXFileReference; explicitFileType = wrapper.application; includeInIndex = 0; path = BearMinimum.app; sourceTree = BUILT_PRODUCTS_DIR; };
		46992F3C29557AD700BA442B /* BearMinimumApp.swift */ = {isa = PBXFileReference; lastKnownFileType = sourcecode.swift; path = BearMinimumApp.swift; sourceTree = "<group>"; };
		46992F3E29557AD700BA442B /* ContentView.swift */ = {isa = PBXFileReference; lastKnownFileType = sourcecode.swift; path = ContentView.swift; sourceTree = "<group>"; };
		46992F4029557ADA00BA442B /* Assets.xcassets */ = {isa = PBXFileReference; lastKnownFileType = folder.assetcatalog; path = Assets.xcassets; sourceTree = "<group>"; };
		46992F4329557ADA00BA442B /* Preview Assets.xcassets */ = {isa = PBXFileReference; lastKnownFileType = folder.assetcatalog; path = "Preview Assets.xcassets"; sourceTree = "<group>"; };
		46992F4929557ADA00BA442B /* BearMinimumTests.xctest */ = {isa = PBXFileReference; explicitFileType = wrapper.cfbundle; includeInIndex = 0; path = BearMinimumTests.xctest; sourceTree = BUILT_PRODUCTS_DIR; };
		46992F5329557ADA00BA442B /* BearMinimumUITests.xctest */ = {isa = PBXFileReference; explicitFileType = wrapper.cfbundle; includeInIndex = 0; path = BearMinimumUITests.xctest; sourceTree = BUILT_PRODUCTS_DIR; };
		46992F662955800A00BA442B /* TaskListView.swift */ = {isa = PBXFileReference; lastKnownFileType = sourcecode.swift; path = TaskListView.swift; sourceTree = "<group>"; };
		46992F682955804A00BA442B /* BearImageCircle.swift */ = {isa = PBXFileReference; lastKnownFileType = sourcecode.swift; path = BearImageCircle.swift; sourceTree = "<group>"; };
		46B405AD29596B230071133D /* Yipee.mp3 */ = {isa = PBXFileReference; lastKnownFileType = audio.mp3; name = Yipee.mp3; path = ../../../../Downloads/Yipee.mp3; sourceTree = "<group>"; };
		46B405B0295ABD550071133D /* Success.mp3 */ = {isa = PBXFileReference; lastKnownFileType = audio.mp3; name = Success.mp3; path = ../../../../Downloads/Success.mp3; sourceTree = "<group>"; };
		46FF13882955AA7E006731FB /* Task.swift */ = {isa = PBXFileReference; lastKnownFileType = sourcecode.swift; path = Task.swift; sourceTree = "<group>"; };
		46FF138A2955AAFC006731FB /* TaskManager.swift */ = {isa = PBXFileReference; lastKnownFileType = sourcecode.swift; path = TaskManager.swift; sourceTree = "<group>"; };
/* End PBXFileReference section */

/* Begin PBXFrameworksBuildPhase section */
		46992F3629557AD700BA442B /* Frameworks */ = {
			isa = PBXFrameworksBuildPhase;
			buildActionMask = 2147483647;
			files = (
			);
			runOnlyForDeploymentPostprocessing = 0;
		};
		46992F4629557ADA00BA442B /* Frameworks */ = {
			isa = PBXFrameworksBuildPhase;
			buildActionMask = 2147483647;
			files = (
			);
			runOnlyForDeploymentPostprocessing = 0;
		};
		46992F5029557ADA00BA442B /* Frameworks */ = {
			isa = PBXFrameworksBuildPhase;
			buildActionMask = 2147483647;
			files = (
			);
			runOnlyForDeploymentPostprocessing = 0;
		};
/* End PBXFrameworksBuildPhase section */

/* Begin PBXGroup section */
		46992F3029557AD700BA442B = {
			isa = PBXGroup;
			children = (
				46992F3B29557AD700BA442B /* BearMinimum */,
				46992F3A29557AD700BA442B /* Products */,
			);
			sourceTree = "<group>";
		};
		46992F3A29557AD700BA442B /* Products */ = {
			isa = PBXGroup;
			children = (
				46992F3929557AD700BA442B /* BearMinimum.app */,
				46992F4929557ADA00BA442B /* BearMinimumTests.xctest */,
				46992F5329557ADA00BA442B /* BearMinimumUITests.xctest */,
			);
			name = Products;
			sourceTree = "<group>";
		};
		46992F3B29557AD700BA442B /* BearMinimum */ = {
			isa = PBXGroup;
			children = (
				46B405B0295ABD550071133D /* Success.mp3 */,
				46B405AD29596B230071133D /* Yipee.mp3 */,
				46FF13872955AA45006731FB /* Model */,
				46992F3C29557AD700BA442B /* BearMinimumApp.swift */,
				46992F3E29557AD700BA442B /* ContentView.swift */,
				46992F682955804A00BA442B /* BearImageCircle.swift */,
				46992F662955800A00BA442B /* TaskListView.swift */,
				46992F4029557ADA00BA442B /* Assets.xcassets */,
				46992F4229557ADA00BA442B /* Preview Content */,
			);
			path = BearMinimum;
			sourceTree = "<group>";
		};
		46992F4229557ADA00BA442B /* Preview Content */ = {
			isa = PBXGroup;
			children = (
				46992F4329557ADA00BA442B /* Preview Assets.xcassets */,
			);
			path = "Preview Content";
			sourceTree = "<group>";
		};
		46FF13872955AA45006731FB /* Model */ = {
			isa = PBXGroup;
			children = (
				46FF13882955AA7E006731FB /* Task.swift */,
				46FF138A2955AAFC006731FB /* TaskManager.swift */,
			);
			path = Model;
			sourceTree = "<group>";
		};
/* End PBXGroup section */

/* Begin PBXNativeTarget section */
		46992F3829557AD700BA442B /* BearMinimum */ = {
			isa = PBXNativeTarget;
			buildConfigurationList = 46992F5D29557ADA00BA442B /* Build configuration list for PBXNativeTarget "BearMinimum" */;
			buildPhases = (
				46992F3529557AD700BA442B /* Sources */,
				46992F3629557AD700BA442B /* Frameworks */,
				46992F3729557AD700BA442B /* Resources */,
			);
			buildRules = (
			);
			dependencies = (
			);
			name = BearMinimum;
			productName = BearMinimum;
			productReference = 46992F3929557AD700BA442B /* BearMinimum.app */;
			productType = "com.apple.product-type.application";
		};
		46992F4829557ADA00BA442B /* BearMinimumTests */ = {
			isa = PBXNativeTarget;
			buildConfigurationList = 46992F6029557ADA00BA442B /* Build configuration list for PBXNativeTarget "BearMinimumTests" */;
			buildPhases = (
				46992F4529557ADA00BA442B /* Sources */,
				46992F4629557ADA00BA442B /* Frameworks */,
				46992F4729557ADA00BA442B /* Resources */,
			);
			buildRules = (
			);
			dependencies = (
				46992F4B29557ADA00BA442B /* PBXTargetDependency */,
			);
			name = BearMinimumTests;
			productName = BearMinimumTests;
			productReference = 46992F4929557ADA00BA442B /* BearMinimumTests.xctest */;
			productType = "com.apple.product-type.bundle.unit-test";
		};
		46992F5229557ADA00BA442B /* BearMinimumUITests */ = {
			isa = PBXNativeTarget;
			buildConfigurationList = 46992F6329557ADA00BA442B /* Build configuration list for PBXNativeTarget "BearMinimumUITests" */;
			buildPhases = (
				46992F4F29557ADA00BA442B /* Sources */,
				46992F5029557ADA00BA442B /* Frameworks */,
				46992F5129557ADA00BA442B /* Resources */,
			);
			buildRules = (
			);
			dependencies = (
				46992F5529557ADA00BA442B /* PBXTargetDependency */,
			);
			name = BearMinimumUITests;
			productName = BearMinimumUITests;
			productReference = 46992F5329557ADA00BA442B /* BearMinimumUITests.xctest */;
			productType = "com.apple.product-type.bundle.ui-testing";
		};
/* End PBXNativeTarget section */

/* Begin PBXProject section */
		46992F3129557AD700BA442B /* Project object */ = {
			isa = PBXProject;
			attributes = {
				BuildIndependentTargetsInParallel = 1;
				LastSwiftUpdateCheck = 1340;
				LastUpgradeCheck = 1340;
				TargetAttributes = {
					46992F3829557AD700BA442B = {
						CreatedOnToolsVersion = 13.4.1;
					};
					46992F4829557ADA00BA442B = {
						CreatedOnToolsVersion = 13.4.1;
						TestTargetID = 46992F3829557AD700BA442B;
					};
					46992F5229557ADA00BA442B = {
						CreatedOnToolsVersion = 13.4.1;
						TestTargetID = 46992F3829557AD700BA442B;
					};
				};
			};
			buildConfigurationList = 46992F3429557AD700BA442B /* Build configuration list for PBXProject "BearMinimum" */;
			compatibilityVersion = "Xcode 13.0";
			developmentRegion = en;
			hasScannedForEncodings = 0;
			knownRegions = (
				en,
				Base,
			);
			mainGroup = 46992F3029557AD700BA442B;
			productRefGroup = 46992F3A29557AD700BA442B /* Products */;
			projectDirPath = "";
			projectRoot = "";
			targets = (
				46992F3829557AD700BA442B /* BearMinimum */,
				46992F4829557ADA00BA442B /* BearMinimumTests */,
				46992F5229557ADA00BA442B /* BearMinimumUITests */,
			);
		};
/* End PBXProject section */

/* Begin PBXResourcesBuildPhase section */
		46992F3729557AD700BA442B /* Resources */ = {
			isa = PBXResourcesBuildPhase;
			buildActionMask = 2147483647;
			files = (
				46B405AF29596B230071133D /* Yipee.mp3 in Resources */,
				46992F4429557ADA00BA442B /* Preview Assets.xcassets in Resources */,
				46B405B1295ABD550071133D /* Success.mp3 in Resources */,
				46992F4129557ADA00BA442B /* Assets.xcassets in Resources */,
			);
			runOnlyForDeploymentPostprocessing = 0;
		};
		46992F4729557ADA00BA442B /* Resources */ = {
			isa = PBXResourcesBuildPhase;
			buildActionMask = 2147483647;
			files = (
			);
			runOnlyForDeploymentPostprocessing = 0;
		};
		46992F5129557ADA00BA442B /* Resources */ = {
			isa = PBXResourcesBuildPhase;
			buildActionMask = 2147483647;
			files = (
			);
			runOnlyForDeploymentPostprocessing = 0;
		};
/* End PBXResourcesBuildPhase section */

/* Begin PBXSourcesBuildPhase section */
		46992F3529557AD700BA442B /* Sources */ = {
			isa = PBXSourcesBuildPhase;
			buildActionMask = 2147483647;
			files = (
				46FF138B2955AAFC006731FB /* TaskManager.swift in Sources */,
				46992F3F29557AD700BA442B /* ContentView.swift in Sources */,
				46992F3D29557AD700BA442B /* BearMinimumApp.swift in Sources */,
				46992F672955800A00BA442B /* TaskListView.swift in Sources */,
				46FF13892955AA7E006731FB /* Task.swift in Sources */,
				46992F692955804A00BA442B /* BearImageCircle.swift in Sources */,
			);
			runOnlyForDeploymentPostprocessing = 0;
		};
		46992F4529557ADA00BA442B /* Sources */ = {
			isa = PBXSourcesBuildPhase;
			buildActionMask = 2147483647;
			files = (
			);
			runOnlyForDeploymentPostprocessing = 0;
		};
		46992F4F29557ADA00BA442B /* Sources */ = {
			isa = PBXSourcesBuildPhase;
			buildActionMask = 2147483647;
			files = (
			);
			runOnlyForDeploymentPostprocessing = 0;
		};
/* End PBXSourcesBuildPhase section */

/* Begin PBXTargetDependency section */
		46992F4B29557ADA00BA442B /* PBXTargetDependency */ = {
			isa = PBXTargetDependency;
			target = 46992F3829557AD700BA442B /* BearMinimum */;
			targetProxy = 46992F4A29557ADA00BA442B /* PBXContainerItemProxy */;
		};
		46992F5529557ADA00BA442B /* PBXTargetDependency */ = {
			isa = PBXTargetDependency;
			target = 46992F3829557AD700BA442B /* BearMinimum */;
			targetProxy = 46992F5429557ADA00BA442B /* PBXContainerItemProxy */;
		};
/* End PBXTargetDependency section */

/* Begin XCBuildConfiguration section */
		46992F5B29557ADA00BA442B /* Debug */ = {
			isa = XCBuildConfiguration;
			buildSettings = {
				ALWAYS_SEARCH_USER_PATHS = NO;
				CLANG_ANALYZER_NONNULL = YES;
				CLANG_ANALYZER_NUMBER_OBJECT_CONVERSION = YES_AGGRESSIVE;
				CLANG_CXX_LANGUAGE_STANDARD = "gnu++17";
				CLANG_ENABLE_MODULES = YES;
				CLANG_ENABLE_OBJC_ARC = YES;
				CLANG_ENABLE_OBJC_WEAK = YES;
				CLANG_WARN_BLOCK_CAPTURE_AUTORELEASING = YES;
				CLANG_WARN_BOOL_CONVERSION = YES;
				CLANG_WARN_COMMA = YES;
				CLANG_WARN_CONSTANT_CONVERSION = YES;
				CLANG_WARN_DEPRECATED_OBJC_IMPLEMENTATIONS = YES;
				CLANG_WARN_DIRECT_OBJC_ISA_USAGE = YES_ERROR;
				CLANG_WARN_DOCUMENTATION_COMMENTS = YES;
				CLANG_WARN_EMPTY_BODY = YES;
				CLANG_WARN_ENUM_CONVERSION = YES;
				CLANG_WARN_INFINITE_RECURSION = YES;
				CLANG_WARN_INT_CONVERSION = YES;
				CLANG_WARN_NON_LITERAL_NULL_CONVERSION = YES;
				CLANG_WARN_OBJC_IMPLICIT_RETAIN_SELF = YES;
				CLANG_WARN_OBJC_LITERAL_CONVERSION = YES;
				CLANG_WARN_OBJC_ROOT_CLASS = YES_ERROR;
				CLANG_WARN_QUOTED_INCLUDE_IN_FRAMEWORK_HEADER = YES;
				CLANG_WARN_RANGE_LOOP_ANALYSIS = YES;
				CLANG_WARN_STRICT_PROTOTYPES = YES;
				CLANG_WARN_SUSPICIOUS_MOVE = YES;
				CLANG_WARN_UNGUARDED_AVAILABILITY = YES_AGGRESSIVE;
				CLANG_WARN_UNREACHABLE_CODE = YES;
				CLANG_WARN__DUPLICATE_METHOD_MATCH = YES;
				COPY_PHASE_STRIP = NO;
				DEBUG_INFORMATION_FORMAT = dwarf;
				ENABLE_STRICT_OBJC_MSGSEND = YES;
				ENABLE_TESTABILITY = YES;
				GCC_C_LANGUAGE_STANDARD = gnu11;
				GCC_DYNAMIC_NO_PIC = NO;
				GCC_NO_COMMON_BLOCKS = YES;
				GCC_OPTIMIZATION_LEVEL = 0;
				GCC_PREPROCESSOR_DEFINITIONS = (
					"DEBUG=1",
					"$(inherited)",
				);
				GCC_WARN_64_TO_32_BIT_CONVERSION = YES;
				GCC_WARN_ABOUT_RETURN_TYPE = YES_ERROR;
				GCC_WARN_UNDECLARED_SELECTOR = YES;
				GCC_WARN_UNINITIALIZED_AUTOS = YES_AGGRESSIVE;
				GCC_WARN_UNUSED_FUNCTION = YES;
				GCC_WARN_UNUSED_VARIABLE = YES;
				IPHONEOS_DEPLOYMENT_TARGET = 15.5;
				MTL_ENABLE_DEBUG_INFO = INCLUDE_SOURCE;
				MTL_FAST_MATH = YES;
				ONLY_ACTIVE_ARCH = YES;
				SDKROOT = iphoneos;
				SWIFT_ACTIVE_COMPILATION_CONDITIONS = DEBUG;
				SWIFT_OPTIMIZATION_LEVEL = "-Onone";
			};
			name = Debug;
		};
		46992F5C29557ADA00BA442B /* Release */ = {
			isa = XCBuildConfiguration;
			buildSettings = {
				ALWAYS_SEARCH_USER_PATHS = NO;
				CLANG_ANALYZER_NONNULL = YES;
				CLANG_ANALYZER_NUMBER_OBJECT_CONVERSION = YES_AGGRESSIVE;
				CLANG_CXX_LANGUAGE_STANDARD = "gnu++17";
				CLANG_ENABLE_MODULES = YES;
				CLANG_ENABLE_OBJC_ARC = YES;
				CLANG_ENABLE_OBJC_WEAK = YES;
				CLANG_WARN_BLOCK_CAPTURE_AUTORELEASING = YES;
				CLANG_WARN_BOOL_CONVERSION = YES;
				CLANG_WARN_COMMA = YES;
				CLANG_WARN_CONSTANT_CONVERSION = YES;
				CLANG_WARN_DEPRECATED_OBJC_IMPLEMENTATIONS = YES;
				CLANG_WARN_DIRECT_OBJC_ISA_USAGE = YES_ERROR;
				CLANG_WARN_DOCUMENTATION_COMMENTS = YES;
				CLANG_WARN_EMPTY_BODY = YES;
				CLANG_WARN_ENUM_CONVERSION = YES;
				CLANG_WARN_INFINITE_RECURSION = YES;
				CLANG_WARN_INT_CONVERSION = YES;
				CLANG_WARN_NON_LITERAL_NULL_CONVERSION = YES;
				CLANG_WARN_OBJC_IMPLICIT_RETAIN_SELF = YES;
				CLANG_WARN_OBJC_LITERAL_CONVERSION = YES;
				CLANG_WARN_OBJC_ROOT_CLASS = YES_ERROR;
				CLANG_WARN_QUOTED_INCLUDE_IN_FRAMEWORK_HEADER = YES;
				CLANG_WARN_RANGE_LOOP_ANALYSIS = YES;
				CLANG_WARN_STRICT_PROTOTYPES = YES;
				CLANG_WARN_SUSPICIOUS_MOVE = YES;
				CLANG_WARN_UNGUARDED_AVAILABILITY = YES_AGGRESSIVE;
				CLANG_WARN_UNREACHABLE_CODE = YES;
				CLANG_WARN__DUPLICATE_METHOD_MATCH = YES;
				COPY_PHASE_STRIP = NO;
				DEBUG_INFORMATION_FORMAT = "dwarf-with-dsym";
				ENABLE_NS_ASSERTIONS = NO;
				ENABLE_STRICT_OBJC_MSGSEND = YES;
				GCC_C_LANGUAGE_STANDARD = gnu11;
				GCC_NO_COMMON_BLOCKS = YES;
				GCC_WARN_64_TO_32_BIT_CONVERSION = YES;
				GCC_WARN_ABOUT_RETURN_TYPE = YES_ERROR;
				GCC_WARN_UNDECLARED_SELECTOR = YES;
				GCC_WARN_UNINITIALIZED_AUTOS = YES_AGGRESSIVE;
				GCC_WARN_UNUSED_FUNCTION = YES;
				GCC_WARN_UNUSED_VARIABLE = YES;
				IPHONEOS_DEPLOYMENT_TARGET = 15.5;
				MTL_ENABLE_DEBUG_INFO = NO;
				MTL_FAST_MATH = YES;
				SDKROOT = iphoneos;
				SWIFT_COMPILATION_MODE = wholemodule;
				SWIFT_OPTIMIZATION_LEVEL = "-O";
				VALIDATE_PRODUCT = YES;
			};
			name = Release;
		};
		46992F5E29557ADA00BA442B /* Debug */ = {
			isa = XCBuildConfiguration;
			buildSettings = {
				ASSETCATALOG_COMPILER_APPICON_NAME = AppIcon;
				ASSETCATALOG_COMPILER_GLOBAL_ACCENT_COLOR_NAME = AccentColor;
				CODE_SIGN_STYLE = Automatic;
				CURRENT_PROJECT_VERSION = 1;
				DEVELOPMENT_ASSET_PATHS = "\"BearMinimum/Preview Content\"";
				DEVELOPMENT_TEAM = AQY6ZVQPPM;
				ENABLE_PREVIEWS = YES;
				GENERATE_INFOPLIST_FILE = YES;
				INFOPLIST_KEY_UIApplicationSceneManifest_Generation = YES;
				INFOPLIST_KEY_UIApplicationSupportsIndirectInputEvents = YES;
				INFOPLIST_KEY_UILaunchScreen_Generation = YES;
				INFOPLIST_KEY_UISupportedInterfaceOrientations = UIInterfaceOrientationPortrait;
				INFOPLIST_KEY_UISupportedInterfaceOrientations_iPad = "UIInterfaceOrientationLandscapeLeft UIInterfaceOrientationLandscapeRight UIInterfaceOrientationPortrait UIInterfaceOrientationPortraitUpsideDown";
				LD_RUNPATH_SEARCH_PATHS = (
					"$(inherited)",
					"@executable_path/Frameworks",
				);
				MARKETING_VERSION = 1.0;
				PRODUCT_BUNDLE_IDENTIFIER = RonSkons.BearMinimum;
				PRODUCT_NAME = "$(TARGET_NAME)";
				SWIFT_EMIT_LOC_STRINGS = YES;
				SWIFT_VERSION = 5.0;
				TARGETED_DEVICE_FAMILY = "1,2";
			};
			name = Debug;
		};
		46992F5F29557ADA00BA442B /* Release */ = {
			isa = XCBuildConfiguration;
			buildSettings = {
				ASSETCATALOG_COMPILER_APPICON_NAME = AppIcon;
				ASSETCATALOG_COMPILER_GLOBAL_ACCENT_COLOR_NAME = AccentColor;
				CODE_SIGN_STYLE = Automatic;
				CURRENT_PROJECT_VERSION = 1;
				DEVELOPMENT_ASSET_PATHS = "\"BearMinimum/Preview Content\"";
				DEVELOPMENT_TEAM = AQY6ZVQPPM;
				ENABLE_PREVIEWS = YES;
				GENERATE_INFOPLIST_FILE = YES;
				INFOPLIST_KEY_UIApplicationSceneManifest_Generation = YES;
				INFOPLIST_KEY_UIApplicationSupportsIndirectInputEvents = YES;
				INFOPLIST_KEY_UILaunchScreen_Generation = YES;
				INFOPLIST_KEY_UISupportedInterfaceOrientations = UIInterfaceOrientationPortrait;
				INFOPLIST_KEY_UISupportedInterfaceOrientations_iPad = "UIInterfaceOrientationLandscapeLeft UIInterfaceOrientationLandscapeRight UIInterfaceOrientationPortrait UIInterfaceOrientationPortraitUpsideDown";
				LD_RUNPATH_SEARCH_PATHS = (
					"$(inherited)",
					"@executable_path/Frameworks",
				);
				MARKETING_VERSION = 1.0;
				PRODUCT_BUNDLE_IDENTIFIER = RonSkons.BearMinimum;
				PRODUCT_NAME = "$(TARGET_NAME)";
				SWIFT_EMIT_LOC_STRINGS = YES;
				SWIFT_VERSION = 5.0;
				TARGETED_DEVICE_FAMILY = "1,2";
			};
			name = Release;
		};
		46992F6129557ADA00BA442B /* Debug */ = {
			isa = XCBuildConfiguration;
			buildSettings = {
				ALWAYS_EMBED_SWIFT_STANDARD_LIBRARIES = YES;
				BUNDLE_LOADER = "$(TEST_HOST)";
				CODE_SIGN_STYLE = Automatic;
				CURRENT_PROJECT_VERSION = 1;
				DEVELOPMENT_TEAM = AQY6ZVQPPM;
				GENERATE_INFOPLIST_FILE = YES;
				IPHONEOS_DEPLOYMENT_TARGET = 15.5;
				MARKETING_VERSION = 1.0;
				PRODUCT_BUNDLE_IDENTIFIER = RonSkons.BearMinimumTests;
				PRODUCT_NAME = "$(TARGET_NAME)";
				SWIFT_EMIT_LOC_STRINGS = NO;
				SWIFT_VERSION = 5.0;
				TARGETED_DEVICE_FAMILY = "1,2";
				TEST_HOST = "$(BUILT_PRODUCTS_DIR)/BearMinimum.app/BearMinimum";
			};
			name = Debug;
		};
		46992F6229557ADA00BA442B /* Release */ = {
			isa = XCBuildConfiguration;
			buildSettings = {
				ALWAYS_EMBED_SWIFT_STANDARD_LIBRARIES = YES;
				BUNDLE_LOADER = "$(TEST_HOST)";
				CODE_SIGN_STYLE = Automatic;
				CURRENT_PROJECT_VERSION = 1;
				DEVELOPMENT_TEAM = AQY6ZVQPPM;
				GENERATE_INFOPLIST_FILE = YES;
				IPHONEOS_DEPLOYMENT_TARGET = 15.5;
				MARKETING_VERSION = 1.0;
				PRODUCT_BUNDLE_IDENTIFIER = RonSkons.BearMinimumTests;
				PRODUCT_NAME = "$(TARGET_NAME)";
				SWIFT_EMIT_LOC_STRINGS = NO;
				SWIFT_VERSION = 5.0;
				TARGETED_DEVICE_FAMILY = "1,2";
				TEST_HOST = "$(BUILT_PRODUCTS_DIR)/BearMinimum.app/BearMinimum";
			};
			name = Release;
		};
		46992F6429557ADA00BA442B /* Debug */ = {
			isa = XCBuildConfiguration;
			buildSettings = {
				ALWAYS_EMBED_SWIFT_STANDARD_LIBRARIES = YES;
				CODE_SIGN_STYLE = Automatic;
				CURRENT_PROJECT_VERSION = 1;
				DEVELOPMENT_TEAM = AQY6ZVQPPM;
				GENERATE_INFOPLIST_FILE = YES;
				MARKETING_VERSION = 1.0;
				PRODUCT_BUNDLE_IDENTIFIER = RonSkons.BearMinimumUITests;
				PRODUCT_NAME = "$(TARGET_NAME)";
				SWIFT_EMIT_LOC_STRINGS = NO;
				SWIFT_VERSION = 5.0;
				TARGETED_DEVICE_FAMILY = "1,2";
				TEST_TARGET_NAME = BearMinimum;
			};
			name = Debug;
		};
		46992F6529557ADA00BA442B /* Release */ = {
			isa = XCBuildConfiguration;
			buildSettings = {
				ALWAYS_EMBED_SWIFT_STANDARD_LIBRARIES = YES;
				CODE_SIGN_STYLE = Automatic;
				CURRENT_PROJECT_VERSION = 1;
				DEVELOPMENT_TEAM = AQY6ZVQPPM;
				GENERATE_INFOPLIST_FILE = YES;
				MARKETING_VERSION = 1.0;
				PRODUCT_BUNDLE_IDENTIFIER = RonSkons.BearMinimumUITests;
				PRODUCT_NAME = "$(TARGET_NAME)";
				SWIFT_EMIT_LOC_STRINGS = NO;
				SWIFT_VERSION = 5.0;
				TARGETED_DEVICE_FAMILY = "1,2";
				TEST_TARGET_NAME = BearMinimum;
			};
			name = Release;
		};
/* End XCBuildConfiguration section */

/* Begin XCConfigurationList section */
		46992F3429557AD700BA442B /* Build configuration list for PBXProject "BearMinimum" */ = {
			isa = XCConfigurationList;
			buildConfigurations = (
				46992F5B29557ADA00BA442B /* Debug */,
				46992F5C29557ADA00BA442B /* Release */,
			);
			defaultConfigurationIsVisible = 0;
			defaultConfigurationName = Release;
		};
		46992F5D29557ADA00BA442B /* Build configuration list for PBXNativeTarget "BearMinimum" */ = {
			isa = XCConfigurationList;
			buildConfigurations = (
				46992F5E29557ADA00BA442B /* Debug */,
				46992F5F29557ADA00BA442B /* Release */,
			);
			defaultConfigurationIsVisible = 0;
			defaultConfigurationName = Release;
		};
		46992F6029557ADA00BA442B /* Build configuration list for PBXNativeTarget "BearMinimumTests" */ = {
			isa = XCConfigurationList;
			buildConfigurations = (
				46992F6129557ADA00BA442B /* Debug */,
				46992F6229557ADA00BA442B /* Release */,
			);
			defaultConfigurationIsVisible = 0;
			defaultConfigurationName = Release;
		};
		46992F6329557ADA00BA442B /* Build configuration list for PBXNativeTarget "BearMinimumUITests" */ = {
			isa = XCConfigurationList;
			buildConfigurations = (
				46992F6429557ADA00BA442B /* Debug */,
				46992F6529557ADA00BA442B /* Release */,
			);
			defaultConfigurationIsVisible = 0;
			defaultConfigurationName = Release;
		};
/* End XCConfigurationList section */
	};
	rootObject = 46992F3129557AD700BA442B /* Project object */;
}
